// !$*UTF8*$!
{
	archiveVersion = 1;
	classes = {
	};
	objectVersion = 46;
	objects = {

/* Begin PBXBuildFile section */
		721ED1911A1A555100745D13 /* EmulationEngine.swift in Sources */ = {isa = PBXBuildFile; fileRef = 724097A91A17D8260034D1FB /* EmulationEngine.swift */; };
		721ED1921A1A555D00745D13 /* RegisterDataLocation.swift in Sources */ = {isa = PBXBuildFile; fileRef = 7240979F1A17B81A0034D1FB /* RegisterDataLocation.swift */; };
		721ED1941A1A777D00745D13 /* INC.swift in Sources */ = {isa = PBXBuildFile; fileRef = 721ED1931A1A777D00745D13 /* INC.swift */; };
		721ED1951A1A7A2A00745D13 /* INC.swift in Sources */ = {isa = PBXBuildFile; fileRef = 721ED1931A1A777D00745D13 /* INC.swift */; };
		721ED1971A1A7A7E00745D13 /* DEC.swift in Sources */ = {isa = PBXBuildFile; fileRef = 721ED1961A1A7A7E00745D13 /* DEC.swift */; };
		721ED1981A1A7B9F00745D13 /* DEC.swift in Sources */ = {isa = PBXBuildFile; fileRef = 721ED1961A1A7A7E00745D13 /* DEC.swift */; };
		721ED19A1A1A810600745D13 /* HALT.swift in Sources */ = {isa = PBXBuildFile; fileRef = 721ED1991A1A810600745D13 /* HALT.swift */; };
		721ED19B1A1A817E00745D13 /* HALT.swift in Sources */ = {isa = PBXBuildFile; fileRef = 721ED1991A1A810600745D13 /* HALT.swift */; };
		721ED19D1A1A8A3800745D13 /* ADD.swift in Sources */ = {isa = PBXBuildFile; fileRef = 721ED19C1A1A8A3800745D13 /* ADD.swift */; };
		721ED19E1A1A8A5A00745D13 /* ADD.swift in Sources */ = {isa = PBXBuildFile; fileRef = 721ED19C1A1A8A3800745D13 /* ADD.swift */; };
		723E6AB41A24EDB7000E2088 /* XOR.swift in Sources */ = {isa = PBXBuildFile; fileRef = 723E6AB31A24EDB7000E2088 /* XOR.swift */; };
		723E6AB51A24EDB7000E2088 /* XOR.swift in Sources */ = {isa = PBXBuildFile; fileRef = 723E6AB31A24EDB7000E2088 /* XOR.swift */; };
		723E6AB71A24F2F3000E2088 /* CP.swift in Sources */ = {isa = PBXBuildFile; fileRef = 723E6AB61A24F2F3000E2088 /* CP.swift */; };
		723E6AB81A24F2F3000E2088 /* CP.swift in Sources */ = {isa = PBXBuildFile; fileRef = 723E6AB61A24F2F3000E2088 /* CP.swift */; };
		724097951A17A1AD0034D1FB /* Instruction.swift in Sources */ = {isa = PBXBuildFile; fileRef = 724097941A17A1AD0034D1FB /* Instruction.swift */; };
		724097981A17A5480034D1FB /* LD.swift in Sources */ = {isa = PBXBuildFile; fileRef = 724097971A17A5480034D1FB /* LD.swift */; };
		724097991A17AB010034D1FB /* LD.swift in Sources */ = {isa = PBXBuildFile; fileRef = 724097971A17A5480034D1FB /* LD.swift */; };
		7240979A1A17AB300034D1FB /* Instruction.swift in Sources */ = {isa = PBXBuildFile; fileRef = 724097941A17A1AD0034D1FB /* Instruction.swift */; };
		7240979D1A17B7D20034D1FB /* DataLocationBase.swift in Sources */ = {isa = PBXBuildFile; fileRef = 7240979C1A17B7D20034D1FB /* DataLocationBase.swift */; };
		7240979E1A17B7F90034D1FB /* DataLocationBase.swift in Sources */ = {isa = PBXBuildFile; fileRef = 7240979C1A17B7D20034D1FB /* DataLocationBase.swift */; };
		724097A01A17B81A0034D1FB /* RegisterDataLocation.swift in Sources */ = {isa = PBXBuildFile; fileRef = 7240979F1A17B81A0034D1FB /* RegisterDataLocation.swift */; };
		724097A21A17B9A70034D1FB /* ExecutionContext.swift in Sources */ = {isa = PBXBuildFile; fileRef = 724097A11A17B9A70034D1FB /* ExecutionContext.swift */; };
		724097A41A17BD230034D1FB /* Register.swift in Sources */ = {isa = PBXBuildFile; fileRef = 724097A31A17BD230034D1FB /* Register.swift */; };
		724097A51A17BD2C0034D1FB /* Register.swift in Sources */ = {isa = PBXBuildFile; fileRef = 724097A31A17BD230034D1FB /* Register.swift */; };
		724097A61A17C0030034D1FB /* ExecutionContext.swift in Sources */ = {isa = PBXBuildFile; fileRef = 724097A11A17B9A70034D1FB /* ExecutionContext.swift */; };
		724097AA1A17D8260034D1FB /* EmulationEngine.swift in Sources */ = {isa = PBXBuildFile; fileRef = 724097A91A17D8260034D1FB /* EmulationEngine.swift */; };
		724484A21A1FB8BF00E780E0 /* SUBTests.swift in Sources */ = {isa = PBXBuildFile; fileRef = 724484A11A1FB8BF00E780E0 /* SUBTests.swift */; };
		724484A31A1FBC4800E780E0 /* SUB.swift in Sources */ = {isa = PBXBuildFile; fileRef = 728AB4601A1D2B5D00715CAF /* SUB.swift */; };
		724484A41A1FCC6000E780E0 /* ADC.swift in Sources */ = {isa = PBXBuildFile; fileRef = 728AB4621A1D2B7400715CAF /* ADC.swift */; };
		724484A81A1FCDFF00E780E0 /* ADCTests.swift in Sources */ = {isa = PBXBuildFile; fileRef = 724484A71A1FCDFF00E780E0 /* ADCTests.swift */; };
		7245BDF61A18EC1000AF205B /* MemoryAccessor.swift in Sources */ = {isa = PBXBuildFile; fileRef = 7245BDF51A18EC1000AF205B /* MemoryAccessor.swift */; };
		7245BDF71A18EC1000AF205B /* MemoryAccessor.swift in Sources */ = {isa = PBXBuildFile; fileRef = 7245BDF51A18EC1000AF205B /* MemoryAccessor.swift */; };
		7245BDF91A18FE3C00AF205B /* NOP.swift in Sources */ = {isa = PBXBuildFile; fileRef = 7245BDF81A18FE3C00AF205B /* NOP.swift */; };
		7245BDFA1A18FE3C00AF205B /* NOP.swift in Sources */ = {isa = PBXBuildFile; fileRef = 7245BDF81A18FE3C00AF205B /* NOP.swift */; };
		7245BDFC1A19094200AF205B /* ConstantDataLocation.swift in Sources */ = {isa = PBXBuildFile; fileRef = 7245BDFB1A19094200AF205B /* ConstantDataLocation.swift */; };
		7245BDFD1A19094200AF205B /* ConstantDataLocation.swift in Sources */ = {isa = PBXBuildFile; fileRef = 7245BDFB1A19094200AF205B /* ConstantDataLocation.swift */; };
		7245BDFF1A190E0B00AF205B /* MemoryDataLocation.swift in Sources */ = {isa = PBXBuildFile; fileRef = 7245BDFE1A190E0B00AF205B /* MemoryDataLocation.swift */; };
		7245BE001A190E0B00AF205B /* MemoryDataLocation.swift in Sources */ = {isa = PBXBuildFile; fileRef = 7245BDFE1A190E0B00AF205B /* MemoryDataLocation.swift */; };
		724C058C1A1E7D6C003D3AF6 /* INCTests.swift in Sources */ = {isa = PBXBuildFile; fileRef = 724C058B1A1E7D6C003D3AF6 /* INCTests.swift */; };
		724C058E1A1E82BF003D3AF6 /* DECTests.swift in Sources */ = {isa = PBXBuildFile; fileRef = 724C058D1A1E82BF003D3AF6 /* DECTests.swift */; };
		7264AF8E1A15316200472013 /* AppDelegate.swift in Sources */ = {isa = PBXBuildFile; fileRef = 7264AF8D1A15316200472013 /* AppDelegate.swift */; };
		7264AF901A15316200472013 /* ViewController.swift in Sources */ = {isa = PBXBuildFile; fileRef = 7264AF8F1A15316200472013 /* ViewController.swift */; };
		7264AF921A15316200472013 /* Images.xcassets in Resources */ = {isa = PBXBuildFile; fileRef = 7264AF911A15316200472013 /* Images.xcassets */; };
		7264AF951A15316200472013 /* Main.storyboard in Resources */ = {isa = PBXBuildFile; fileRef = 7264AF931A15316200472013 /* Main.storyboard */; };
		7264AFA11A15316200472013 /* GBEmuTests.swift in Sources */ = {isa = PBXBuildFile; fileRef = 7264AFA01A15316200472013 /* GBEmuTests.swift */; };
		7264AFAC1A1531D300472013 /* Registers.swift in Sources */ = {isa = PBXBuildFile; fileRef = 7264AFAB1A1531D300472013 /* Registers.swift */; };
		7264AFAF1A15351800472013 /* IntegerExtensions.swift in Sources */ = {isa = PBXBuildFile; fileRef = 7264AFAE1A15351800472013 /* IntegerExtensions.swift */; };
		7264AFB11A15359B00472013 /* IntegerExtensionsTests.swift in Sources */ = {isa = PBXBuildFile; fileRef = 7264AFB01A15359B00472013 /* IntegerExtensionsTests.swift */; };
		7264AFB31A15404800472013 /* RegistersTest.swift in Sources */ = {isa = PBXBuildFile; fileRef = 7264AFB21A15404800472013 /* RegistersTest.swift */; };
		7264AFB51A15448200472013 /* Flags.swift in Sources */ = {isa = PBXBuildFile; fileRef = 7264AFB41A15448200472013 /* Flags.swift */; };
		7264AFB61A1545FC00472013 /* IntegerExtensions.swift in Sources */ = {isa = PBXBuildFile; fileRef = 7264AFAE1A15351800472013 /* IntegerExtensions.swift */; };
		7264AFB71A15461C00472013 /* Registers.swift in Sources */ = {isa = PBXBuildFile; fileRef = 7264AFAB1A1531D300472013 /* Registers.swift */; };
		7264AFB81A15461E00472013 /* Flags.swift in Sources */ = {isa = PBXBuildFile; fileRef = 7264AFB41A15448200472013 /* Flags.swift */; };
		728AB4611A1D2B5D00715CAF /* SUB.swift in Sources */ = {isa = PBXBuildFile; fileRef = 728AB4601A1D2B5D00715CAF /* SUB.swift */; };
		728AB4631A1D2B7400715CAF /* ADC.swift in Sources */ = {isa = PBXBuildFile; fileRef = 728AB4621A1D2B7400715CAF /* ADC.swift */; };
		728AB4651A1D2B8D00715CAF /* AND.swift in Sources */ = {isa = PBXBuildFile; fileRef = 728AB4641A1D2B8D00715CAF /* AND.swift */; };
		728AB4671A1D2BB900715CAF /* SBC.swift in Sources */ = {isa = PBXBuildFile; fileRef = 728AB4661A1D2BB900715CAF /* SBC.swift */; };
		728AB46A1A1D2D0B00715CAF /* LDTests.swift in Sources */ = {isa = PBXBuildFile; fileRef = 728AB4691A1D2D0B00715CAF /* LDTests.swift */; };
		72B8FAEF1A1E90D500C2F27F /* ADDTests.swift in Sources */ = {isa = PBXBuildFile; fileRef = 72B8FAEE1A1E90D500C2F27F /* ADDTests.swift */; };
		72D1492E1A23BC3B00402393 /* OpcodeParser.swift in Sources */ = {isa = PBXBuildFile; fileRef = 72D1492D1A23BC3B00402393 /* OpcodeParser.swift */; };
		72D1492F1A23BC3B00402393 /* OpcodeParser.swift in Sources */ = {isa = PBXBuildFile; fileRef = 72D1492D1A23BC3B00402393 /* OpcodeParser.swift */; };
		72D149311A23BC6300402393 /* OpcodeParserTests.swift in Sources */ = {isa = PBXBuildFile; fileRef = 72D149301A23BC6300402393 /* OpcodeParserTests.swift */; };
		72EEFE5C1A1FD2B0005A17FD /* SBCTests.swift in Sources */ = {isa = PBXBuildFile; fileRef = 72EEFE5B1A1FD2B0005A17FD /* SBCTests.swift */; };
		72EEFE5D1A1FE0EB005A17FD /* SBC.swift in Sources */ = {isa = PBXBuildFile; fileRef = 728AB4661A1D2BB900715CAF /* SBC.swift */; };
		72EEFE5F1A1FE6D3005A17FD /* OR.swift in Sources */ = {isa = PBXBuildFile; fileRef = 72EEFE5E1A1FE6D2005A17FD /* OR.swift */; };
		72EEFE601A1FE6D3005A17FD /* OR.swift in Sources */ = {isa = PBXBuildFile; fileRef = 72EEFE5E1A1FE6D2005A17FD /* OR.swift */; };
		72EEFE611A1FE6D6005A17FD /* AND.swift in Sources */ = {isa = PBXBuildFile; fileRef = 728AB4641A1D2B8D00715CAF /* AND.swift */; };
/* End PBXBuildFile section */

/* Begin PBXContainerItemProxy section */
		7264AF9B1A15316200472013 /* PBXContainerItemProxy */ = {
			isa = PBXContainerItemProxy;
			containerPortal = 7264AF801A15316200472013 /* Project object */;
			proxyType = 1;
			remoteGlobalIDString = 7264AF871A15316200472013;
			remoteInfo = GBEmu;
		};
/* End PBXContainerItemProxy section */

/* Begin PBXFileReference section */
		721ED1931A1A777D00745D13 /* INC.swift */ = {isa = PBXFileReference; fileEncoding = 4; lastKnownFileType = sourcecode.swift; path = INC.swift; sourceTree = "<group>"; };
		721ED1961A1A7A7E00745D13 /* DEC.swift */ = {isa = PBXFileReference; fileEncoding = 4; lastKnownFileType = sourcecode.swift; path = DEC.swift; sourceTree = "<group>"; };
		721ED1991A1A810600745D13 /* HALT.swift */ = {isa = PBXFileReference; fileEncoding = 4; lastKnownFileType = sourcecode.swift; path = HALT.swift; sourceTree = "<group>"; };
		721ED19C1A1A8A3800745D13 /* ADD.swift */ = {isa = PBXFileReference; fileEncoding = 4; lastKnownFileType = sourcecode.swift; path = ADD.swift; sourceTree = "<group>"; };
		723E6AB31A24EDB7000E2088 /* XOR.swift */ = {isa = PBXFileReference; fileEncoding = 4; lastKnownFileType = sourcecode.swift; path = XOR.swift; sourceTree = "<group>"; };
		723E6AB61A24F2F3000E2088 /* CP.swift */ = {isa = PBXFileReference; fileEncoding = 4; lastKnownFileType = sourcecode.swift; path = CP.swift; sourceTree = "<group>"; };
		724097941A17A1AD0034D1FB /* Instruction.swift */ = {isa = PBXFileReference; fileEncoding = 4; lastKnownFileType = sourcecode.swift; path = Instruction.swift; sourceTree = "<group>"; };
		724097971A17A5480034D1FB /* LD.swift */ = {isa = PBXFileReference; fileEncoding = 4; lastKnownFileType = sourcecode.swift; path = LD.swift; sourceTree = "<group>"; };
		7240979C1A17B7D20034D1FB /* DataLocationBase.swift */ = {isa = PBXFileReference; fileEncoding = 4; lastKnownFileType = sourcecode.swift; path = DataLocationBase.swift; sourceTree = "<group>"; };
		7240979F1A17B81A0034D1FB /* RegisterDataLocation.swift */ = {isa = PBXFileReference; fileEncoding = 4; lastKnownFileType = sourcecode.swift; path = RegisterDataLocation.swift; sourceTree = "<group>"; };
		724097A11A17B9A70034D1FB /* ExecutionContext.swift */ = {isa = PBXFileReference; fileEncoding = 4; lastKnownFileType = sourcecode.swift; path = ExecutionContext.swift; sourceTree = "<group>"; };
		724097A31A17BD230034D1FB /* Register.swift */ = {isa = PBXFileReference; fileEncoding = 4; lastKnownFileType = sourcecode.swift; path = Register.swift; sourceTree = "<group>"; };
		724097A91A17D8260034D1FB /* EmulationEngine.swift */ = {isa = PBXFileReference; fileEncoding = 4; lastKnownFileType = sourcecode.swift; path = EmulationEngine.swift; sourceTree = "<group>"; };
		724484A11A1FB8BF00E780E0 /* SUBTests.swift */ = {isa = PBXFileReference; fileEncoding = 4; lastKnownFileType = sourcecode.swift; path = SUBTests.swift; sourceTree = "<group>"; };
		724484A71A1FCDFF00E780E0 /* ADCTests.swift */ = {isa = PBXFileReference; fileEncoding = 4; lastKnownFileType = sourcecode.swift; path = ADCTests.swift; sourceTree = "<group>"; };
		7245BDF51A18EC1000AF205B /* MemoryAccessor.swift */ = {isa = PBXFileReference; fileEncoding = 4; lastKnownFileType = sourcecode.swift; path = MemoryAccessor.swift; sourceTree = "<group>"; };
		7245BDF81A18FE3C00AF205B /* NOP.swift */ = {isa = PBXFileReference; fileEncoding = 4; lastKnownFileType = sourcecode.swift; path = NOP.swift; sourceTree = "<group>"; };
		7245BDFB1A19094200AF205B /* ConstantDataLocation.swift */ = {isa = PBXFileReference; fileEncoding = 4; lastKnownFileType = sourcecode.swift; path = ConstantDataLocation.swift; sourceTree = "<group>"; };
		7245BDFE1A190E0B00AF205B /* MemoryDataLocation.swift */ = {isa = PBXFileReference; fileEncoding = 4; lastKnownFileType = sourcecode.swift; path = MemoryDataLocation.swift; sourceTree = "<group>"; };
		724C058B1A1E7D6C003D3AF6 /* INCTests.swift */ = {isa = PBXFileReference; fileEncoding = 4; lastKnownFileType = sourcecode.swift; path = INCTests.swift; sourceTree = "<group>"; };
		724C058D1A1E82BF003D3AF6 /* DECTests.swift */ = {isa = PBXFileReference; fileEncoding = 4; lastKnownFileType = sourcecode.swift; path = DECTests.swift; sourceTree = "<group>"; };
		7264AF881A15316200472013 /* GBEmu.app */ = {isa = PBXFileReference; explicitFileType = wrapper.application; includeInIndex = 0; path = GBEmu.app; sourceTree = BUILT_PRODUCTS_DIR; };
		7264AF8C1A15316200472013 /* Info.plist */ = {isa = PBXFileReference; lastKnownFileType = text.plist.xml; path = Info.plist; sourceTree = "<group>"; };
		7264AF8D1A15316200472013 /* AppDelegate.swift */ = {isa = PBXFileReference; lastKnownFileType = sourcecode.swift; path = AppDelegate.swift; sourceTree = "<group>"; };
		7264AF8F1A15316200472013 /* ViewController.swift */ = {isa = PBXFileReference; lastKnownFileType = sourcecode.swift; path = ViewController.swift; sourceTree = "<group>"; };
		7264AF911A15316200472013 /* Images.xcassets */ = {isa = PBXFileReference; lastKnownFileType = folder.assetcatalog; path = Images.xcassets; sourceTree = "<group>"; };
		7264AF941A15316200472013 /* Base */ = {isa = PBXFileReference; lastKnownFileType = file.storyboard; name = Base; path = Base.lproj/Main.storyboard; sourceTree = "<group>"; };
		7264AF9A1A15316200472013 /* GBEmuTests.xctest */ = {isa = PBXFileReference; explicitFileType = wrapper.cfbundle; includeInIndex = 0; path = GBEmuTests.xctest; sourceTree = BUILT_PRODUCTS_DIR; };
		7264AF9F1A15316200472013 /* Info.plist */ = {isa = PBXFileReference; lastKnownFileType = text.plist.xml; path = Info.plist; sourceTree = "<group>"; };
		7264AFA01A15316200472013 /* GBEmuTests.swift */ = {isa = PBXFileReference; lastKnownFileType = sourcecode.swift; path = GBEmuTests.swift; sourceTree = "<group>"; };
		7264AFAB1A1531D300472013 /* Registers.swift */ = {isa = PBXFileReference; fileEncoding = 4; lastKnownFileType = sourcecode.swift; path = Registers.swift; sourceTree = "<group>"; };
		7264AFAE1A15351800472013 /* IntegerExtensions.swift */ = {isa = PBXFileReference; fileEncoding = 4; lastKnownFileType = sourcecode.swift; path = IntegerExtensions.swift; sourceTree = "<group>"; };
		7264AFB01A15359B00472013 /* IntegerExtensionsTests.swift */ = {isa = PBXFileReference; fileEncoding = 4; lastKnownFileType = sourcecode.swift; path = IntegerExtensionsTests.swift; sourceTree = "<group>"; };
		7264AFB21A15404800472013 /* RegistersTest.swift */ = {isa = PBXFileReference; fileEncoding = 4; lastKnownFileType = sourcecode.swift; path = RegistersTest.swift; sourceTree = "<group>"; };
		7264AFB41A15448200472013 /* Flags.swift */ = {isa = PBXFileReference; fileEncoding = 4; lastKnownFileType = sourcecode.swift; path = Flags.swift; sourceTree = "<group>"; };
		728AB4601A1D2B5D00715CAF /* SUB.swift */ = {isa = PBXFileReference; fileEncoding = 4; lastKnownFileType = sourcecode.swift; path = SUB.swift; sourceTree = "<group>"; };
		728AB4621A1D2B7400715CAF /* ADC.swift */ = {isa = PBXFileReference; fileEncoding = 4; lastKnownFileType = sourcecode.swift; path = ADC.swift; sourceTree = "<group>"; };
		728AB4641A1D2B8D00715CAF /* AND.swift */ = {isa = PBXFileReference; fileEncoding = 4; lastKnownFileType = sourcecode.swift; path = AND.swift; sourceTree = "<group>"; };
		728AB4661A1D2BB900715CAF /* SBC.swift */ = {isa = PBXFileReference; fileEncoding = 4; lastKnownFileType = sourcecode.swift; path = SBC.swift; sourceTree = "<group>"; };
		728AB4691A1D2D0B00715CAF /* LDTests.swift */ = {isa = PBXFileReference; fileEncoding = 4; lastKnownFileType = sourcecode.swift; path = LDTests.swift; sourceTree = "<group>"; };
		72B8FAEE1A1E90D500C2F27F /* ADDTests.swift */ = {isa = PBXFileReference; fileEncoding = 4; lastKnownFileType = sourcecode.swift; path = ADDTests.swift; sourceTree = "<group>"; };
		72D1492D1A23BC3B00402393 /* OpcodeParser.swift */ = {isa = PBXFileReference; fileEncoding = 4; lastKnownFileType = sourcecode.swift; path = OpcodeParser.swift; sourceTree = "<group>"; };
		72D149301A23BC6300402393 /* OpcodeParserTests.swift */ = {isa = PBXFileReference; fileEncoding = 4; lastKnownFileType = sourcecode.swift; path = OpcodeParserTests.swift; sourceTree = "<group>"; };
		72EEFE5B1A1FD2B0005A17FD /* SBCTests.swift */ = {isa = PBXFileReference; fileEncoding = 4; lastKnownFileType = sourcecode.swift; path = SBCTests.swift; sourceTree = "<group>"; };
		72EEFE5E1A1FE6D2005A17FD /* OR.swift */ = {isa = PBXFileReference; fileEncoding = 4; lastKnownFileType = sourcecode.swift; path = OR.swift; sourceTree = "<group>"; };
/* End PBXFileReference section */

/* Begin PBXFrameworksBuildPhase section */
		7264AF851A15316200472013 /* Frameworks */ = {
			isa = PBXFrameworksBuildPhase;
			buildActionMask = 2147483647;
			files = (
			);
			runOnlyForDeploymentPostprocessing = 0;
		};
		7264AF971A15316200472013 /* Frameworks */ = {
			isa = PBXFrameworksBuildPhase;
			buildActionMask = 2147483647;
			files = (
			);
			runOnlyForDeploymentPostprocessing = 0;
		};
/* End PBXFrameworksBuildPhase section */

/* Begin PBXGroup section */
		724097961A17A52D0034D1FB /* Instructions */ = {
			isa = PBXGroup;
			children = (
				724097941A17A1AD0034D1FB /* Instruction.swift */,
				724097971A17A5480034D1FB /* LD.swift */,
				721ED1931A1A777D00745D13 /* INC.swift */,
				721ED1961A1A7A7E00745D13 /* DEC.swift */,
				721ED19C1A1A8A3800745D13 /* ADD.swift */,
				728AB4621A1D2B7400715CAF /* ADC.swift */,
				728AB4601A1D2B5D00715CAF /* SUB.swift */,
				728AB4661A1D2BB900715CAF /* SBC.swift */,
				728AB4641A1D2B8D00715CAF /* AND.swift */,
				72EEFE5E1A1FE6D2005A17FD /* OR.swift */,
				723E6AB31A24EDB7000E2088 /* XOR.swift */,
				723E6AB61A24F2F3000E2088 /* CP.swift */,
				7245BDF81A18FE3C00AF205B /* NOP.swift */,
				721ED1991A1A810600745D13 /* HALT.swift */,
			);
			name = Instructions;
			sourceTree = "<group>";
		};
		7240979B1A17B7BF0034D1FB /* DataLocations */ = {
			isa = PBXGroup;
			children = (
				7240979C1A17B7D20034D1FB /* DataLocationBase.swift */,
				7240979F1A17B81A0034D1FB /* RegisterDataLocation.swift */,
				7245BDFB1A19094200AF205B /* ConstantDataLocation.swift */,
				7245BDFE1A190E0B00AF205B /* MemoryDataLocation.swift */,
			);
			name = DataLocations;
			sourceTree = "<group>";
		};
		7264AF7F1A15316200472013 = {
			isa = PBXGroup;
			children = (
				7264AF8A1A15316200472013 /* GBEmu */,
				7264AF9D1A15316200472013 /* GBEmuTests */,
				7264AF891A15316200472013 /* Products */,
			);
			sourceTree = "<group>";
		};
		7264AF891A15316200472013 /* Products */ = {
			isa = PBXGroup;
			children = (
				7264AF881A15316200472013 /* GBEmu.app */,
				7264AF9A1A15316200472013 /* GBEmuTests.xctest */,
			);
			name = Products;
			sourceTree = "<group>";
		};
		7264AF8A1A15316200472013 /* GBEmu */ = {
			isa = PBXGroup;
			children = (
				7264AFAD1A1534FB00472013 /* General */,
				7264AFAA1A1531B200472013 /* Emulation */,
				7264AF8D1A15316200472013 /* AppDelegate.swift */,
				7264AF8F1A15316200472013 /* ViewController.swift */,
				7264AF911A15316200472013 /* Images.xcassets */,
				7264AF931A15316200472013 /* Main.storyboard */,
				7264AF8B1A15316200472013 /* Supporting Files */,
			);
			path = GBEmu;
			sourceTree = "<group>";
		};
		7264AF8B1A15316200472013 /* Supporting Files */ = {
			isa = PBXGroup;
			children = (
				7264AF8C1A15316200472013 /* Info.plist */,
			);
			name = "Supporting Files";
			sourceTree = "<group>";
		};
		7264AF9D1A15316200472013 /* GBEmuTests */ = {
			isa = PBXGroup;
			children = (
				7264AFBC1A154B6800472013 /* General */,
				7264AFBB1A154B5800472013 /* Emulation */,
				7264AF9E1A15316200472013 /* Supporting Files */,
			);
			path = GBEmuTests;
			sourceTree = "<group>";
		};
		7264AF9E1A15316200472013 /* Supporting Files */ = {
			isa = PBXGroup;
			children = (
				7264AF9F1A15316200472013 /* Info.plist */,
			);
			name = "Supporting Files";
			sourceTree = "<group>";
		};
		7264AFAA1A1531B200472013 /* Emulation */ = {
			isa = PBXGroup;
			children = (
				7240979B1A17B7BF0034D1FB /* DataLocations */,
				724097961A17A52D0034D1FB /* Instructions */,
				7264AFAB1A1531D300472013 /* Registers.swift */,
				7264AFB41A15448200472013 /* Flags.swift */,
				724097A11A17B9A70034D1FB /* ExecutionContext.swift */,
				724097A31A17BD230034D1FB /* Register.swift */,
				724097A91A17D8260034D1FB /* EmulationEngine.swift */,
				7245BDF51A18EC1000AF205B /* MemoryAccessor.swift */,
				72D1492D1A23BC3B00402393 /* OpcodeParser.swift */,
			);
			name = Emulation;
			sourceTree = "<group>";
		};
		7264AFAD1A1534FB00472013 /* General */ = {
			isa = PBXGroup;
			children = (
				7264AFAE1A15351800472013 /* IntegerExtensions.swift */,
			);
			name = General;
			sourceTree = "<group>";
		};
		7264AFBB1A154B5800472013 /* Emulation */ = {
			isa = PBXGroup;
			children = (
				728AB4681A1D2CF000715CAF /* Instructions */,
				7264AFA01A15316200472013 /* GBEmuTests.swift */,
				7264AFB21A15404800472013 /* RegistersTest.swift */,
				72D149301A23BC6300402393 /* OpcodeParserTests.swift */,
			);
			name = Emulation;
			sourceTree = "<group>";
		};
		7264AFBC1A154B6800472013 /* General */ = {
			isa = PBXGroup;
			children = (
				7264AFB01A15359B00472013 /* IntegerExtensionsTests.swift */,
			);
			name = General;
			sourceTree = "<group>";
		};
		728AB4681A1D2CF000715CAF /* Instructions */ = {
			isa = PBXGroup;
			children = (
				728AB4691A1D2D0B00715CAF /* LDTests.swift */,
				724C058B1A1E7D6C003D3AF6 /* INCTests.swift */,
				724C058D1A1E82BF003D3AF6 /* DECTests.swift */,
				72B8FAEE1A1E90D500C2F27F /* ADDTests.swift */,
				724484A71A1FCDFF00E780E0 /* ADCTests.swift */,
				724484A11A1FB8BF00E780E0 /* SUBTests.swift */,
				72EEFE5B1A1FD2B0005A17FD /* SBCTests.swift */,
			);
			name = Instructions;
			sourceTree = "<group>";
		};
/* End PBXGroup section */

/* Begin PBXNativeTarget section */
		7264AF871A15316200472013 /* GBEmu */ = {
			isa = PBXNativeTarget;
			buildConfigurationList = 7264AFA41A15316200472013 /* Build configuration list for PBXNativeTarget "GBEmu" */;
			buildPhases = (
				7264AF841A15316200472013 /* Sources */,
				7264AF851A15316200472013 /* Frameworks */,
				7264AF861A15316200472013 /* Resources */,
			);
			buildRules = (
			);
			dependencies = (
			);
			name = GBEmu;
			productName = GBEmu;
			productReference = 7264AF881A15316200472013 /* GBEmu.app */;
			productType = "com.apple.product-type.application";
		};
		7264AF991A15316200472013 /* GBEmuTests */ = {
			isa = PBXNativeTarget;
			buildConfigurationList = 7264AFA71A15316200472013 /* Build configuration list for PBXNativeTarget "GBEmuTests" */;
			buildPhases = (
				7264AF961A15316200472013 /* Sources */,
				7264AF971A15316200472013 /* Frameworks */,
				7264AF981A15316200472013 /* Resources */,
			);
			buildRules = (
			);
			dependencies = (
				7264AF9C1A15316200472013 /* PBXTargetDependency */,
			);
			name = GBEmuTests;
			productName = GBEmuTests;
			productReference = 7264AF9A1A15316200472013 /* GBEmuTests.xctest */;
			productType = "com.apple.product-type.bundle.unit-test";
		};
/* End PBXNativeTarget section */

/* Begin PBXProject section */
		7264AF801A15316200472013 /* Project object */ = {
			isa = PBXProject;
			attributes = {
				LastUpgradeCheck = 0610;
				ORGANIZATIONNAME = "Maurus Kühne";
				TargetAttributes = {
					7264AF871A15316200472013 = {
						CreatedOnToolsVersion = 6.1;
					};
					7264AF991A15316200472013 = {
						CreatedOnToolsVersion = 6.1;
						TestTargetID = 7264AF871A15316200472013;
					};
				};
			};
			buildConfigurationList = 7264AF831A15316200472013 /* Build configuration list for PBXProject "GBEmu" */;
			compatibilityVersion = "Xcode 3.2";
			developmentRegion = English;
			hasScannedForEncodings = 0;
			knownRegions = (
				en,
				Base,
			);
			mainGroup = 7264AF7F1A15316200472013;
			productRefGroup = 7264AF891A15316200472013 /* Products */;
			projectDirPath = "";
			projectRoot = "";
			targets = (
				7264AF871A15316200472013 /* GBEmu */,
				7264AF991A15316200472013 /* GBEmuTests */,
			);
		};
/* End PBXProject section */

/* Begin PBXResourcesBuildPhase section */
		7264AF861A15316200472013 /* Resources */ = {
			isa = PBXResourcesBuildPhase;
			buildActionMask = 2147483647;
			files = (
				7264AF921A15316200472013 /* Images.xcassets in Resources */,
				7264AF951A15316200472013 /* Main.storyboard in Resources */,
			);
			runOnlyForDeploymentPostprocessing = 0;
		};
		7264AF981A15316200472013 /* Resources */ = {
			isa = PBXResourcesBuildPhase;
			buildActionMask = 2147483647;
			files = (
			);
			runOnlyForDeploymentPostprocessing = 0;
		};
/* End PBXResourcesBuildPhase section */

/* Begin PBXSourcesBuildPhase section */
		7264AF841A15316200472013 /* Sources */ = {
			isa = PBXSourcesBuildPhase;
			buildActionMask = 2147483647;
			files = (
				728AB4631A1D2B7400715CAF /* ADC.swift in Sources */,
				724097AA1A17D8260034D1FB /* EmulationEngine.swift in Sources */,
				7245BDF61A18EC1000AF205B /* MemoryAccessor.swift in Sources */,
				721ED19A1A1A810600745D13 /* HALT.swift in Sources */,
				7245BDFC1A19094200AF205B /* ConstantDataLocation.swift in Sources */,
				724097A21A17B9A70034D1FB /* ExecutionContext.swift in Sources */,
				724097A41A17BD230034D1FB /* Register.swift in Sources */,
				723E6AB41A24EDB7000E2088 /* XOR.swift in Sources */,
				728AB4671A1D2BB900715CAF /* SBC.swift in Sources */,
				7264AFAF1A15351800472013 /* IntegerExtensions.swift in Sources */,
				723E6AB71A24F2F3000E2088 /* CP.swift in Sources */,
				7264AF901A15316200472013 /* ViewController.swift in Sources */,
				7264AFB51A15448200472013 /* Flags.swift in Sources */,
				721ED19D1A1A8A3800745D13 /* ADD.swift in Sources */,
				724097A01A17B81A0034D1FB /* RegisterDataLocation.swift in Sources */,
				724097951A17A1AD0034D1FB /* Instruction.swift in Sources */,
				7264AFAC1A1531D300472013 /* Registers.swift in Sources */,
				728AB4651A1D2B8D00715CAF /* AND.swift in Sources */,
				7264AF8E1A15316200472013 /* AppDelegate.swift in Sources */,
				721ED1971A1A7A7E00745D13 /* DEC.swift in Sources */,
				724097981A17A5480034D1FB /* LD.swift in Sources */,
				7240979D1A17B7D20034D1FB /* DataLocationBase.swift in Sources */,
				72D1492E1A23BC3B00402393 /* OpcodeParser.swift in Sources */,
				7245BDF91A18FE3C00AF205B /* NOP.swift in Sources */,
				7245BDFF1A190E0B00AF205B /* MemoryDataLocation.swift in Sources */,
				728AB4611A1D2B5D00715CAF /* SUB.swift in Sources */,
				72EEFE5F1A1FE6D3005A17FD /* OR.swift in Sources */,
				721ED1941A1A777D00745D13 /* INC.swift in Sources */,
			);
			runOnlyForDeploymentPostprocessing = 0;
		};
		7264AF961A15316200472013 /* Sources */ = {
			isa = PBXSourcesBuildPhase;
			buildActionMask = 2147483647;
			files = (
				724484A21A1FB8BF00E780E0 /* SUBTests.swift in Sources */,
				724C058E1A1E82BF003D3AF6 /* DECTests.swift in Sources */,
				723E6AB81A24F2F3000E2088 /* CP.swift in Sources */,
				7264AFB61A1545FC00472013 /* IntegerExtensions.swift in Sources */,
				724C058C1A1E7D6C003D3AF6 /* INCTests.swift in Sources */,
				72EEFE611A1FE6D6005A17FD /* AND.swift in Sources */,
				72EEFE601A1FE6D3005A17FD /* OR.swift in Sources */,
				7264AFB71A15461C00472013 /* Registers.swift in Sources */,
				724097A61A17C0030034D1FB /* ExecutionContext.swift in Sources */,
				724484A31A1FBC4800E780E0 /* SUB.swift in Sources */,
				7264AFB11A15359B00472013 /* IntegerExtensionsTests.swift in Sources */,
				72D1492F1A23BC3B00402393 /* OpcodeParser.swift in Sources */,
				721ED1951A1A7A2A00745D13 /* INC.swift in Sources */,
				721ED1911A1A555100745D13 /* EmulationEngine.swift in Sources */,
				721ED19B1A1A817E00745D13 /* HALT.swift in Sources */,
				7264AFB81A15461E00472013 /* Flags.swift in Sources */,
				724484A41A1FCC6000E780E0 /* ADC.swift in Sources */,
				724097A51A17BD2C0034D1FB /* Register.swift in Sources */,
				72B8FAEF1A1E90D500C2F27F /* ADDTests.swift in Sources */,
				728AB46A1A1D2D0B00715CAF /* LDTests.swift in Sources */,
				72D149311A23BC6300402393 /* OpcodeParserTests.swift in Sources */,
				7264AFB31A15404800472013 /* RegistersTest.swift in Sources */,
				721ED19E1A1A8A5A00745D13 /* ADD.swift in Sources */,
				72EEFE5C1A1FD2B0005A17FD /* SBCTests.swift in Sources */,
				7245BE001A190E0B00AF205B /* MemoryDataLocation.swift in Sources */,
				7264AFA11A15316200472013 /* GBEmuTests.swift in Sources */,
				723E6AB51A24EDB7000E2088 /* XOR.swift in Sources */,
				7240979A1A17AB300034D1FB /* Instruction.swift in Sources */,
				7245BDFA1A18FE3C00AF205B /* NOP.swift in Sources */,
				721ED1981A1A7B9F00745D13 /* DEC.swift in Sources */,
				7245BDFD1A19094200AF205B /* ConstantDataLocation.swift in Sources */,
				7240979E1A17B7F90034D1FB /* DataLocationBase.swift in Sources */,
				724097991A17AB010034D1FB /* LD.swift in Sources */,
				7245BDF71A18EC1000AF205B /* MemoryAccessor.swift in Sources */,
				72EEFE5D1A1FE0EB005A17FD /* SBC.swift in Sources */,
				724484A81A1FCDFF00E780E0 /* ADCTests.swift in Sources */,
				721ED1921A1A555D00745D13 /* RegisterDataLocation.swift in Sources */,
			);
			runOnlyForDeploymentPostprocessing = 0;
		};
/* End PBXSourcesBuildPhase section */

/* Begin PBXTargetDependency section */
		7264AF9C1A15316200472013 /* PBXTargetDependency */ = {
			isa = PBXTargetDependency;
			target = 7264AF871A15316200472013 /* GBEmu */;
			targetProxy = 7264AF9B1A15316200472013 /* PBXContainerItemProxy */;
		};
/* End PBXTargetDependency section */

/* Begin PBXVariantGroup section */
		7264AF931A15316200472013 /* Main.storyboard */ = {
			isa = PBXVariantGroup;
			children = (
				7264AF941A15316200472013 /* Base */,
			);
			name = Main.storyboard;
			sourceTree = "<group>";
		};
/* End PBXVariantGroup section */

/* Begin XCBuildConfiguration section */
		7264AFA21A15316200472013 /* Debug */ = {
			isa = XCBuildConfiguration;
			buildSettings = {
				ALWAYS_SEARCH_USER_PATHS = NO;
				CLANG_CXX_LANGUAGE_STANDARD = "gnu++0x";
				CLANG_CXX_LIBRARY = "libc++";
				CLANG_ENABLE_MODULES = YES;
				CLANG_ENABLE_OBJC_ARC = YES;
				CLANG_WARN_BOOL_CONVERSION = YES;
				CLANG_WARN_CONSTANT_CONVERSION = YES;
				CLANG_WARN_DIRECT_OBJC_ISA_USAGE = YES_ERROR;
				CLANG_WARN_EMPTY_BODY = YES;
				CLANG_WARN_ENUM_CONVERSION = YES;
				CLANG_WARN_INT_CONVERSION = YES;
				CLANG_WARN_OBJC_ROOT_CLASS = YES_ERROR;
				CLANG_WARN_UNREACHABLE_CODE = YES;
				CLANG_WARN__DUPLICATE_METHOD_MATCH = YES;
				CODE_SIGN_IDENTITY = "-";
				COPY_PHASE_STRIP = NO;
				ENABLE_STRICT_OBJC_MSGSEND = YES;
				GCC_C_LANGUAGE_STANDARD = gnu99;
				GCC_DYNAMIC_NO_PIC = NO;
				GCC_OPTIMIZATION_LEVEL = 0;
				GCC_PREPROCESSOR_DEFINITIONS = (
					"DEBUG=1",
					"$(inherited)",
				);
				GCC_SYMBOLS_PRIVATE_EXTERN = NO;
				GCC_WARN_64_TO_32_BIT_CONVERSION = YES;
				GCC_WARN_ABOUT_RETURN_TYPE = YES_ERROR;
				GCC_WARN_UNDECLARED_SELECTOR = YES;
				GCC_WARN_UNINITIALIZED_AUTOS = YES_AGGRESSIVE;
				GCC_WARN_UNUSED_FUNCTION = YES;
				GCC_WARN_UNUSED_VARIABLE = YES;
				MACOSX_DEPLOYMENT_TARGET = 10.10;
				MTL_ENABLE_DEBUG_INFO = YES;
				ONLY_ACTIVE_ARCH = YES;
				SDKROOT = macosx;
				SWIFT_OPTIMIZATION_LEVEL = "-Onone";
			};
			name = Debug;
		};
		7264AFA31A15316200472013 /* Release */ = {
			isa = XCBuildConfiguration;
			buildSettings = {
				ALWAYS_SEARCH_USER_PATHS = NO;
				CLANG_CXX_LANGUAGE_STANDARD = "gnu++0x";
				CLANG_CXX_LIBRARY = "libc++";
				CLANG_ENABLE_MODULES = YES;
				CLANG_ENABLE_OBJC_ARC = YES;
				CLANG_WARN_BOOL_CONVERSION = YES;
				CLANG_WARN_CONSTANT_CONVERSION = YES;
				CLANG_WARN_DIRECT_OBJC_ISA_USAGE = YES_ERROR;
				CLANG_WARN_EMPTY_BODY = YES;
				CLANG_WARN_ENUM_CONVERSION = YES;
				CLANG_WARN_INT_CONVERSION = YES;
				CLANG_WARN_OBJC_ROOT_CLASS = YES_ERROR;
				CLANG_WARN_UNREACHABLE_CODE = YES;
				CLANG_WARN__DUPLICATE_METHOD_MATCH = YES;
				CODE_SIGN_IDENTITY = "-";
				COPY_PHASE_STRIP = YES;
				DEBUG_INFORMATION_FORMAT = "dwarf-with-dsym";
				ENABLE_NS_ASSERTIONS = NO;
				ENABLE_STRICT_OBJC_MSGSEND = YES;
				GCC_C_LANGUAGE_STANDARD = gnu99;
				GCC_WARN_64_TO_32_BIT_CONVERSION = YES;
				GCC_WARN_ABOUT_RETURN_TYPE = YES_ERROR;
				GCC_WARN_UNDECLARED_SELECTOR = YES;
				GCC_WARN_UNINITIALIZED_AUTOS = YES_AGGRESSIVE;
				GCC_WARN_UNUSED_FUNCTION = YES;
				GCC_WARN_UNUSED_VARIABLE = YES;
				MACOSX_DEPLOYMENT_TARGET = 10.10;
				MTL_ENABLE_DEBUG_INFO = NO;
				SDKROOT = macosx;
			};
			name = Release;
		};
		7264AFA51A15316200472013 /* Debug */ = {
			isa = XCBuildConfiguration;
			buildSettings = {
				ASSETCATALOG_COMPILER_APPICON_NAME = AppIcon;
				COMBINE_HIDPI_IMAGES = YES;
				INFOPLIST_FILE = GBEmu/Info.plist;
				LD_RUNPATH_SEARCH_PATHS = "$(inherited) @executable_path/../Frameworks";
				PRODUCT_NAME = "$(TARGET_NAME)";
			};
			name = Debug;
		};
		7264AFA61A15316200472013 /* Release */ = {
			isa = XCBuildConfiguration;
			buildSettings = {
				ASSETCATALOG_COMPILER_APPICON_NAME = AppIcon;
				COMBINE_HIDPI_IMAGES = YES;
				INFOPLIST_FILE = GBEmu/Info.plist;
				LD_RUNPATH_SEARCH_PATHS = "$(inherited) @executable_path/../Frameworks";
				PRODUCT_NAME = "$(TARGET_NAME)";
			};
			name = Release;
		};
		7264AFA81A15316200472013 /* Debug */ = {
			isa = XCBuildConfiguration;
			buildSettings = {
				BUNDLE_LOADER = "$(TEST_HOST)";
				COMBINE_HIDPI_IMAGES = YES;
				FRAMEWORK_SEARCH_PATHS = (
					"$(DEVELOPER_FRAMEWORKS_DIR)",
					"$(inherited)",
				);
				GCC_PREPROCESSOR_DEFINITIONS = (
					"DEBUG=1",
					"$(inherited)",
				);
				INFOPLIST_FILE = GBEmuTests/Info.plist;
				LD_RUNPATH_SEARCH_PATHS = "$(inherited) @executable_path/../Frameworks @loader_path/../Frameworks";
				PRODUCT_NAME = "$(TARGET_NAME)";
				TEST_HOST = "$(BUILT_PRODUCTS_DIR)/GBEmu.app/Contents/MacOS/GBEmu";
			};
			name = Debug;
		};
		7264AFA91A15316200472013 /* Release */ = {
			isa = XCBuildConfiguration;
			buildSettings = {
				BUNDLE_LOADER = "$(TEST_HOST)";
				COMBINE_HIDPI_IMAGES = YES;
				FRAMEWORK_SEARCH_PATHS = (
					"$(DEVELOPER_FRAMEWORKS_DIR)",
					"$(inherited)",
				);
				INFOPLIST_FILE = GBEmuTests/Info.plist;
				LD_RUNPATH_SEARCH_PATHS = "$(inherited) @executable_path/../Frameworks @loader_path/../Frameworks";
				PRODUCT_NAME = "$(TARGET_NAME)";
				TEST_HOST = "$(BUILT_PRODUCTS_DIR)/GBEmu.app/Contents/MacOS/GBEmu";
			};
			name = Release;
		};
/* End XCBuildConfiguration section */

/* Begin XCConfigurationList section */
		7264AF831A15316200472013 /* Build configuration list for PBXProject "GBEmu" */ = {
			isa = XCConfigurationList;
			buildConfigurations = (
				7264AFA21A15316200472013 /* Debug */,
				7264AFA31A15316200472013 /* Release */,
			);
			defaultConfigurationIsVisible = 0;
			defaultConfigurationName = Release;
		};
		7264AFA41A15316200472013 /* Build configuration list for PBXNativeTarget "GBEmu" */ = {
			isa = XCConfigurationList;
			buildConfigurations = (
				7264AFA51A15316200472013 /* Debug */,
				7264AFA61A15316200472013 /* Release */,
			);
			defaultConfigurationIsVisible = 0;
			defaultConfigurationName = Release;
		};
		7264AFA71A15316200472013 /* Build configuration list for PBXNativeTarget "GBEmuTests" */ = {
			isa = XCConfigurationList;
			buildConfigurations = (
				7264AFA81A15316200472013 /* Debug */,
				7264AFA91A15316200472013 /* Release */,
			);
			defaultConfigurationIsVisible = 0;
			defaultConfigurationName = Release;
		};
/* End XCConfigurationList section */
	};
	rootObject = 7264AF801A15316200472013 /* Project object */;
}
